
Microsoft Visual Studio Solution File, Format Version 12.00
# Visual Studio Version 16
VisualStudioVersion = 16.0.31105.61
MinimumVisualStudioVersion = 10.0.40219.1
Project("{FAE04EC0-301F-11D3-BF4B-00C04F79EFBC}") = "CRUD", "CRUD\CRUD.csproj", "{EFC49A80-803F-497C-9347-23AB0D2D361B}"
EndProject
Global
	GlobalSection(SolutionConfigurationPlatforms) = preSolution
		Debug|Any CPU = Debug|Any CPU
		Release|Any CPU = Release|Any CPU
	EndGlobalSection
	GlobalSection(ProjectConfigurationPlatforms) = postSolution
		{EFC49A80-803F-497C-9347-23AB0D2D361B}.Debug|Any CPU.ActiveCfg = Debug|Any CPU
		{EFC49A80-803F-497C-9347-23AB0D2D361B}.Debug|Any CPU.Build.0 = Debug|Any CPU
		{EFC49A80-803F-497C-9347-23AB0D2D361B}.Release|Any CPU.ActiveCfg = Release|Any CPU
		{EFC49A80-803F-497C-9347-23AB0D2D361B}.Release|Any CPU.Build.0 = Release|Any CPU
	EndGlobalSection
	GlobalSection(SolutionProperties) = preSolution
		HideSolutionNode = FALSE
	EndGlobalSection
	GlobalSection(ExtensibilityGlobals) = postSolution
		SolutionGuid = {BC56C19A-8ABD-4B88-BC6C-69CF399E8267}
	EndGlobalSection
EndGlobal
